
Microsoft Visual Studio Solution File, Format Version 12.00
# Visual Studio Version 17
VisualStudioVersion = 17.7.34031.279
MinimumVisualStudioVersion = 10.0.40219.1
Project("{8BC9CEB8-8B4A-11D0-8D11-00A0C91BC942}") = "labrab1", "labrab1\labrab1.vcxproj", "{395F8790-4475-4519-B890-19E5B56BC949}"
EndProject
Global
	GlobalSection(SolutionConfigurationPlatforms) = preSolution
		Debug|x64 = Debug|x64
		Debug|x86 = Debug|x86
		Release|x64 = Release|x64
		Release|x86 = Release|x86
	EndGlobalSection
	GlobalSection(ProjectConfigurationPlatforms) = postSolution
		{395F8790-4475-4519-B890-19E5B56BC949}.Debug|x64.ActiveCfg = Debug|x64
		{395F8790-4475-4519-B890-19E5B56BC949}.Debug|x64.Build.0 = Debug|x64
		{395F8790-4475-4519-B890-19E5B56BC949}.Debug|x86.ActiveCfg = Debug|Win32
		{395F8790-4475-4519-B890-19E5B56BC949}.Debug|x86.Build.0 = Debug|Win32
		{395F8790-4475-4519-B890-19E5B56BC949}.Release|x64.ActiveCfg = Release|x64
		{395F8790-4475-4519-B890-19E5B56BC949}.Release|x64.Build.0 = Release|x64
		{395F8790-4475-4519-B890-19E5B56BC949}.Release|x86.ActiveCfg = Release|Win32
		{395F8790-4475-4519-B890-19E5B56BC949}.Release|x86.Build.0 = Release|Win32
	EndGlobalSection
	GlobalSection(SolutionProperties) = preSolution
		HideSolutionNode = FALSE
	EndGlobalSection
	GlobalSection(ExtensibilityGlobals) = postSolution
		SolutionGuid = {3702C518-A0CE-4E52-9948-CEB32797D1E1}
	EndGlobalSection
EndGlobal
